<?xml version="1.0" encoding="utf-8"?>
<Project ToolsVersion="4.0" xmlns="http://schemas.microsoft.com/developer/msbuild/2003">
  <ItemGroup>
    <Filter Include="源文件">
      <UniqueIdentifier>{4FC737F1-C7A5-4376-A066-2A32D752A2FF}</UniqueIdentifier>
      <Extensions>cpp;c;cc;cxx;c++;cppm;ixx;def;odl;idl;hpj;bat;asm;asmx</Extensions>
    </Filter>
    <Filter Include="头文件">
      <UniqueIdentifier>{93995380-89BD-4b04-88EB-625FBE52EBFB}</UniqueIdentifier>
      <Extensions>h;hh;hpp;hxx;h++;hm;inl;inc;ipp;xsd</Extensions>
    </Filter>
    <Filter Include="资源文件">
      <UniqueIdentifier>{67DA6AB6-F800-4c08-8B7A-83BB121AAD01}</UniqueIdentifier>
      <Extensions>rc;ico;cur;bmp;dlg;rc2;rct;bin;rgs;gif;jpg;jpeg;jpe;resx;tiff;tif;png;wav;mfcribbon-ms</Extensions>
    </Filter>
    <Filter Include="头文件\minhook">
      <UniqueIdentifier>{89393917-f155-4ae6-9e03-2529967f88c3}</UniqueIdentifier>
    </Filter>
    <Filter Include="头文件\sdk">
      <UniqueIdentifier>{88318acc-d490-446b-8333-f20a22d748a6}</UniqueIdentifier>
    </Filter>
    <Filter Include="头文件\math">
      <UniqueIdentifier>{aed2a097-5c17-4c61-a5de-65cde80a84a4}</UniqueIdentifier>
    </Filter>
    <Filter Include="头文件\memory">
      <UniqueIdentifier>{c3ddaa59-6f23-48e1-b43c-03e626960a5e}</UniqueIdentifier>
    </Filter>
    <Filter Include="源文件\memory">
      <UniqueIdentifier>{d8b32656-ba7f-49d3-be6d-c97f9bc02ba0}</UniqueIdentifier>
    </Filter>
    <Filter Include="头文件\sdk\gameevent">
      <UniqueIdentifier>{87180362-2725-4f7b-a702-17cb8cff94d3}</UniqueIdentifier>
    </Filter>
    <Filter Include="头文件\sdk\handle">
      <UniqueIdentifier>{8ce5a064-6e56-4bfb-9c12-b6da38016dbc}</UniqueIdentifier>
    </Filter>
    <Filter Include="头文件\sdk\player">
      <UniqueIdentifier>{b8db59a4-0a74-4cd8-9f3d-5e30e04a52f3}</UniqueIdentifier>
    </Filter>
    <Filter Include="头文件\events">
      <UniqueIdentifier>{a4fd0778-933c-4ac7-a724-70b62977c3f9}</UniqueIdentifier>
    </Filter>
    <Filter Include="源文件\events">
      <UniqueIdentifier>{341ff6a7-81b6-4c44-9d66-ac9c4fbe8684}</UniqueIdentifier>
    </Filter>
    <Filter Include="头文件\sdk\interfaces">
      <UniqueIdentifier>{76acdb22-3f64-4cf6-8447-986ab46533ae}</UniqueIdentifier>
    </Filter>
    <Filter Include="源文件\native_sdk">
      <UniqueIdentifier>{c28f9f29-7571-4821-9cbd-11f27692566a}</UniqueIdentifier>
    </Filter>
    <Filter Include="头文件\native_sdk">
      <UniqueIdentifier>{c5938a38-9035-4f7a-952c-156a8549bb54}</UniqueIdentifier>
    </Filter>
    <Filter Include="头文件\sdk\convar">
      <UniqueIdentifier>{befb97b4-a3ba-48a8-84a8-c36a74d2d48c}</UniqueIdentifier>
    </Filter>
    <Filter Include="头文件\sdk\tier1">
      <UniqueIdentifier>{a403d20d-862c-4c26-965b-9cc23e67745f}</UniqueIdentifier>
    </Filter>
    <Filter Include="头文件\sdk\public">
      <UniqueIdentifier>{c359acb2-cc33-4be0-b5dd-3dfef50ba594}</UniqueIdentifier>
    </Filter>
    <Filter Include="源文件\players">
      <UniqueIdentifier>{1a10744b-6cb8-44aa-882b-97c0fb47e0e4}</UniqueIdentifier>
    </Filter>
    <Filter Include="头文件\players">
      <UniqueIdentifier>{120a3b6b-23e6-42e1-af96-c129732e797c}</UniqueIdentifier>
    </Filter>
    <Filter Include="源文件\script_engine">
      <UniqueIdentifier>{36c2c6c5-beef-463b-abcd-21107f639174}</UniqueIdentifier>
    </Filter>
    <Filter Include="头文件\script_engine">
      <UniqueIdentifier>{03bf66a5-db0b-4b6a-9803-e60f8727ae98}</UniqueIdentifier>
    </Filter>
    <Filter Include="头文件\lua">
      <UniqueIdentifier>{d58fcaf6-b1d7-484d-9ec4-d6b67ff46cf5}</UniqueIdentifier>
    </Filter>
  </ItemGroup>
  <ItemGroup>
    <ClInclude Include="framework.h">
      <Filter>头文件</Filter>
    </ClInclude>
    <ClInclude Include="pch.h">
      <Filter>头文件</Filter>
    </ClInclude>
    <ClInclude Include="MinHook\include\MinHook.h">
      <Filter>头文件\minhook</Filter>
    </ClInclude>
    <ClInclude Include="MinHook\src\buffer.h">
      <Filter>头文件\minhook</Filter>
    </ClInclude>
    <ClInclude Include="MinHook\src\trampoline.h">
      <Filter>头文件\minhook</Filter>
    </ClInclude>
    <ClInclude Include="MinHook\src\HDE\hde32.h">
      <Filter>头文件\minhook</Filter>
    </ClInclude>
    <ClInclude Include="MinHook\src\HDE\hde64.h">
      <Filter>头文件\minhook</Filter>
    </ClInclude>
    <ClInclude Include="MinHook\src\HDE\pstdint.h">
      <Filter>头文件\minhook</Filter>
    </ClInclude>
    <ClInclude Include="MinHook\src\HDE\table32.h">
      <Filter>头文件\minhook</Filter>
    </ClInclude>
    <ClInclude Include="MinHook\src\HDE\table64.h">
      <Filter>头文件\minhook</Filter>
    </ClInclude>
    <ClInclude Include="stb.hh">
      <Filter>头文件</Filter>
    </ClInclude>
    <ClInclude Include="math\types\vector.hpp">
      <Filter>头文件\math</Filter>
    </ClInclude>
    <ClInclude Include="math\types\vmatrix.hpp">
      <Filter>头文件\math</Filter>
    </ClInclude>
    <ClInclude Include="global.h">
      <Filter>头文件</Filter>
    </ClInclude>
    <ClInclude Include="vmt.h">
      <Filter>头文件\memory</Filter>
    </ClInclude>
    <ClInclude Include="memory.h">
      <Filter>头文件\memory</Filter>
    </ClInclude>
    <ClInclude Include="hooks.h">
      <Filter>头文件\memory</Filter>
    </ClInclude>
    <ClInclude Include="module.h">
      <Filter>头文件\memory</Filter>
    </ClInclude>
    <ClInclude Include="offset.h">
      <Filter>头文件\memory</Filter>
    </ClInclude>
    <ClInclude Include="sdk\sdk.h">
      <Filter>头文件\sdk</Filter>
    </ClInclude>
    <ClInclude Include="sdk\gameevent\IGameEvent.h">
      <Filter>头文件\sdk\gameevent</Filter>
    </ClInclude>
    <ClInclude Include="sdk\handle\basehandle.h">
      <Filter>头文件\sdk\handle</Filter>
    </ClInclude>
    <ClInclude Include="sdk\player\playerslot.h">
      <Filter>头文件\sdk\player</Filter>
    </ClInclude>
    <ClInclude Include="sdk\player\player.h">
      <Filter>头文件\sdk\player</Filter>
    </ClInclude>
    <ClInclude Include="events.h">
      <Filter>头文件\events</Filter>
    </ClInclude>
    <ClInclude Include="sdk\interfaces\interfaces.h">
      <Filter>头文件\sdk\interfaces</Filter>
    </ClInclude>
    <ClInclude Include="vmthook.h">
      <Filter>头文件\memory</Filter>
    </ClInclude>
    <ClInclude Include="sdk\convar\convar.hpp">
      <Filter>头文件\sdk\convar</Filter>
    </ClInclude>
    <ClInclude Include="sdk\tier1\UtlMemory.hpp">
      <Filter>头文件\sdk\tier1</Filter>
    </ClInclude>
    <ClInclude Include="sdk\tier1\UtlString.hpp">
      <Filter>头文件\sdk\tier1</Filter>
    </ClInclude>
    <ClInclude Include="sdk\tier1\UtlVector.hpp">
      <Filter>头文件\sdk\tier1</Filter>
    </ClInclude>
    <ClInclude Include="sdk\public\eiface.h">
      <Filter>头文件\sdk\public</Filter>
    </ClInclude>
    <ClInclude Include="sdk\public\IAppSystem.h">
      <Filter>头文件\sdk\public</Filter>
    </ClInclude>
    <ClInclude Include="sdk\tier1\bufferstring.h">
      <Filter>头文件\sdk\tier1</Filter>
    </ClInclude>
    <ClInclude Include="player_manager.h">
      <Filter>头文件\players</Filter>
    </ClInclude>
    <ClInclude Include="head.h">
      <Filter>头文件</Filter>
    </ClInclude>
    <ClInclude Include="native_sdk.h">
      <Filter>头文件\native_sdk</Filter>
    </ClInclude>
    <ClInclude Include="sdk_tools.h">
      <Filter>头文件\native_sdk</Filter>
    </ClInclude>
    <ClInclude Include="script_engine.h">
      <Filter>头文件\script_engine</Filter>
    </ClInclude>
    <ClInclude Include="tools.h">
      <Filter>源文件</Filter>
    </ClInclude>
    <ClInclude Include="interface.h">
      <Filter>头文件\native_sdk</Filter>
    </ClInclude>
    <ClInclude Include="lua\lapi.h">
      <Filter>头文件\lua</Filter>
    </ClInclude>
    <ClInclude Include="lua\lauxlib.h">
      <Filter>头文件\lua</Filter>
    </ClInclude>
    <ClInclude Include="lua\lcode.h">
      <Filter>头文件\lua</Filter>
    </ClInclude>
    <ClInclude Include="lua\lctype.h">
      <Filter>头文件\lua</Filter>
    </ClInclude>
    <ClInclude Include="lua\ldebug.h">
      <Filter>头文件\lua</Filter>
    </ClInclude>
    <ClInclude Include="lua\ldo.h">
      <Filter>头文件\lua</Filter>
    </ClInclude>
    <ClInclude Include="lua\lfunc.h">
      <Filter>头文件\lua</Filter>
    </ClInclude>
    <ClInclude Include="lua\lgc.h">
      <Filter>头文件\lua</Filter>
    </ClInclude>
    <ClInclude Include="lua\ljumptab.h">
      <Filter>头文件\lua</Filter>
    </ClInclude>
    <ClInclude Include="lua\llex.h">
      <Filter>头文件\lua</Filter>
    </ClInclude>
    <ClInclude Include="lua\llimits.h">
      <Filter>头文件\lua</Filter>
    </ClInclude>
    <ClInclude Include="lua\lmem.h">
      <Filter>头文件\lua</Filter>
    </ClInclude>
    <ClInclude Include="lua\lobject.h">
      <Filter>头文件\lua</Filter>
    </ClInclude>
    <ClInclude Include="lua\lopcodes.h">
      <Filter>头文件\lua</Filter>
    </ClInclude>
    <ClInclude Include="lua\lopnames.h">
      <Filter>头文件\lua</Filter>
    </ClInclude>
    <ClInclude Include="lua\lparser.h">
      <Filter>头文件\lua</Filter>
    </ClInclude>
    <ClInclude Include="lua\lprefix.h">
      <Filter>头文件\lua</Filter>
    </ClInclude>
    <ClInclude Include="lua\lstate.h">
      <Filter>头文件\lua</Filter>
    </ClInclude>
    <ClInclude Include="lua\lstring.h">
      <Filter>头文件\lua</Filter>
    </ClInclude>
    <ClInclude Include="lua\ltable.h">
      <Filter>头文件\lua</Filter>
    </ClInclude>
    <ClInclude Include="lua\ltm.h">
      <Filter>头文件\lua</Filter>
    </ClInclude>
    <ClInclude Include="lua\lua.h">
      <Filter>头文件\lua</Filter>
    </ClInclude>
    <ClInclude Include="lua\lua.hpp">
      <Filter>头文件\lua</Filter>
    </ClInclude>
    <ClInclude Include="lua\luaconf.h">
      <Filter>头文件\lua</Filter>
    </ClInclude>
    <ClInclude Include="lua\lualib.h">
      <Filter>头文件\lua</Filter>
    </ClInclude>
    <ClInclude Include="lua\lundump.h">
      <Filter>头文件\lua</Filter>
    </ClInclude>
    <ClInclude Include="lua\lvm.h">
      <Filter>头文件\lua</Filter>
    </ClInclude>
    <ClInclude Include="lua\lzio.h">
      <Filter>头文件\lua</Filter>
    </ClInclude>
    <ClInclude Include="script_apis.h">
      <Filter>头文件\script_engine</Filter>
    </ClInclude>
    <ClInclude Include="script_callbacks.h">
      <Filter>头文件\script_engine</Filter>
    </ClInclude>
  </ItemGroup>
  <ItemGroup>
    <ClCompile Include="dllmain.cpp">
      <Filter>源文件</Filter>
    </ClCompile>
    <ClCompile Include="pch.cpp">
      <Filter>源文件</Filter>
    </ClCompile>
    <ClCompile Include="MinHook\src\buffer.c">
      <Filter>头文件\minhook</Filter>
    </ClCompile>
    <ClCompile Include="MinHook\src\hook.c">
      <Filter>头文件\minhook</Filter>
    </ClCompile>
    <ClCompile Include="MinHook\src\trampoline.c">
      <Filter>头文件\minhook</Filter>
    </ClCompile>
    <ClCompile Include="MinHook\src\HDE\hde32.c">
      <Filter>头文件\minhook</Filter>
    </ClCompile>
    <ClCompile Include="MinHook\src\HDE\hde64.c">
      <Filter>头文件\minhook</Filter>
    </ClCompile>
    <ClCompile Include="global.cpp">
      <Filter>源文件</Filter>
    </ClCompile>
    <ClCompile Include="offset.cpp">
      <Filter>源文件\memory</Filter>
    </ClCompile>
    <ClCompile Include="memory.cpp">
      <Filter>源文件\memory</Filter>
    </ClCompile>
    <ClCompile Include="hooks.cpp">
      <Filter>源文件\memory</Filter>
    </ClCompile>
    <ClCompile Include="events.cpp">
      <Filter>源文件\events</Filter>
    </ClCompile>
    <ClCompile Include="vmthook.cpp">
      <Filter>源文件\memory</Filter>
    </ClCompile>
    <ClCompile Include="sdk\convar\convar.cpp">
      <Filter>头文件\sdk\convar</Filter>
    </ClCompile>
    <ClCompile Include="sdk\tier1\UtlString.cpp">
      <Filter>头文件\sdk\tier1</Filter>
    </ClCompile>
    <ClCompile Include="player_manager.cpp">
      <Filter>源文件\players</Filter>
    </ClCompile>
    <ClCompile Include="native_sdk.cpp">
      <Filter>源文件\native_sdk</Filter>
    </ClCompile>
    <ClCompile Include="sdk_tools.cpp">
      <Filter>源文件\native_sdk</Filter>
    </ClCompile>
    <ClCompile Include="script_engine.cpp">
      <Filter>源文件\script_engine</Filter>
    </ClCompile>
    <ClCompile Include="tools.cpp">
      <Filter>头文件</Filter>
    </ClCompile>
    <ClCompile Include="interface.cpp">
      <Filter>源文件\native_sdk</Filter>
    </ClCompile>
    <ClCompile Include="lua\lapi.c">
      <Filter>头文件\lua</Filter>
    </ClCompile>
    <ClCompile Include="lua\lauxlib.c">
      <Filter>头文件\lua</Filter>
    </ClCompile>
    <ClCompile Include="lua\lbaselib.c">
      <Filter>头文件\lua</Filter>
    </ClCompile>
    <ClCompile Include="lua\lcode.c">
      <Filter>头文件\lua</Filter>
    </ClCompile>
    <ClCompile Include="lua\lcorolib.c">
      <Filter>头文件\lua</Filter>
    </ClCompile>
    <ClCompile Include="lua\lctype.c">
      <Filter>头文件\lua</Filter>
    </ClCompile>
    <ClCompile Include="lua\ldblib.c">
      <Filter>头文件\lua</Filter>
    </ClCompile>
    <ClCompile Include="lua\ldebug.c">
      <Filter>头文件\lua</Filter>
    </ClCompile>
    <ClCompile Include="lua\ldo.c">
      <Filter>头文件\lua</Filter>
    </ClCompile>
    <ClCompile Include="lua\ldump.c">
      <Filter>头文件\lua</Filter>
    </ClCompile>
    <ClCompile Include="lua\lfunc.c">
      <Filter>头文件\lua</Filter>
    </ClCompile>
    <ClCompile Include="lua\lgc.c">
      <Filter>头文件\lua</Filter>
    </ClCompile>
    <ClCompile Include="lua\linit.c">
      <Filter>头文件\lua</Filter>
    </ClCompile>
    <ClCompile Include="lua\liolib.c">
      <Filter>头文件\lua</Filter>
    </ClCompile>
    <ClCompile Include="lua\llex.c">
      <Filter>头文件\lua</Filter>
    </ClCompile>
    <ClCompile Include="lua\lmathlib.c">
      <Filter>头文件\lua</Filter>
    </ClCompile>
    <ClCompile Include="lua\lmem.c">
      <Filter>头文件\lua</Filter>
    </ClCompile>
    <ClCompile Include="lua\loadlib.c">
      <Filter>头文件\lua</Filter>
    </ClCompile>
    <ClCompile Include="lua\lobject.c">
      <Filter>头文件\lua</Filter>
    </ClCompile>
    <ClCompile Include="lua\lopcodes.c">
      <Filter>头文件\lua</Filter>
    </ClCompile>
    <ClCompile Include="lua\loslib.c">
      <Filter>头文件\lua</Filter>
    </ClCompile>
    <ClCompile Include="lua\lparser.c">
      <Filter>头文件\lua</Filter>
    </ClCompile>
    <ClCompile Include="lua\lstate.c">
      <Filter>头文件\lua</Filter>
    </ClCompile>
    <ClCompile Include="lua\lstring.c">
      <Filter>头文件\lua</Filter>
    </ClCompile>
    <ClCompile Include="lua\lstrlib.c">
      <Filter>头文件\lua</Filter>
    </ClCompile>
    <ClCompile Include="lua\ltable.c">
      <Filter>头文件\lua</Filter>
    </ClCompile>
    <ClCompile Include="lua\ltablib.c">
      <Filter>头文件\lua</Filter>
    </ClCompile>
    <ClCompile Include="lua\ltm.c">
      <Filter>头文件\lua</Filter>
    </ClCompile>
    <ClCompile Include="lua\lua.c">
      <Filter>头文件\lua</Filter>
    </ClCompile>
    <ClCompile Include="lua\luac.c">
      <Filter>头文件\lua</Filter>
    </ClCompile>
    <ClCompile Include="lua\lundump.c">
      <Filter>头文件\lua</Filter>
    </ClCompile>
    <ClCompile Include="lua\lutf8lib.c">
      <Filter>头文件\lua</Filter>
    </ClCompile>
    <ClCompile Include="lua\lvm.c">
      <Filter>头文件\lua</Filter>
    </ClCompile>
    <ClCompile Include="lua\lzio.c">
      <Filter>头文件\lua</Filter>
    </ClCompile>
    <ClCompile Include="script_apis.cpp">
      <Filter>源文件\script_engine</Filter>
    </ClCompile>
    <ClCompile Include="script_callbacks.cpp">
      <Filter>源文件\script_engine</Filter>
    </ClCompile>
  </ItemGroup>
  <ItemGroup>
    <None Include="cpp.hint" />
    <None Include="lua\Makefile">
      <Filter>头文件\lua</Filter>
    </None>
  </ItemGroup>
</Project>